
Microsoft Visual Studio Solution File, Format Version 12.00
# Visual Studio 15
VisualStudioVersion = 15.0.27703.2018
MinimumVisualStudioVersion = 10.0.40219.1
Project("{FAE04EC0-301F-11D3-BF4B-00C04F79EFBC}") = "DisplayExcel", "DisplayExcel\DisplayExcel.csproj", "{7AEEF44F-698E-48D9-8D49-3FEEE52B066D}"
EndProject
Global
	GlobalSection(SolutionConfigurationPlatforms) = preSolution
		Debug|Any CPU = Debug|Any CPU
		Release|Any CPU = Release|Any CPU
	EndGlobalSection
	GlobalSection(ProjectConfigurationPlatforms) = postSolution
		{7AEEF44F-698E-48D9-8D49-3FEEE52B066D}.Debug|Any CPU.ActiveCfg = Debug|Any CPU
		{7AEEF44F-698E-48D9-8D49-3FEEE52B066D}.Debug|Any CPU.Build.0 = Debug|Any CPU
		{7AEEF44F-698E-48D9-8D49-3FEEE52B066D}.Release|Any CPU.ActiveCfg = Release|Any CPU
		{7AEEF44F-698E-48D9-8D49-3FEEE52B066D}.Release|Any CPU.Build.0 = Release|Any CPU
	EndGlobalSection
	GlobalSection(SolutionProperties) = preSolution
		HideSolutionNode = FALSE
	EndGlobalSection
	GlobalSection(ExtensibilityGlobals) = postSolution
		SolutionGuid = {7CCEA07A-E70A-46B9-8B8B-AC81484E5365}
	EndGlobalSection
EndGlobal
